
Microsoft Visual Studio Solution File, Format Version 12.00
# Visual Studio 2017
Project("{FAE04EC0-301F-11D3-BF4B-00C04F79EFBC}") = "BreakWithYourPhone-master", "BreakWithYourPhone-master.csproj", "{C1F68371-EA85-BB70-B74E-B6E9F7DA1E5F}"
EndProject
Global
	GlobalSection(SolutionConfigurationPlatforms) = preSolution
		Debug|Any CPU = Debug|Any CPU
		Release|Any CPU = Release|Any CPU
	EndGlobalSection
	GlobalSection(ProjectConfigurationPlatforms) = postSolution
		{C1F68371-EA85-BB70-B74E-B6E9F7DA1E5F}.Debug|Any CPU.ActiveCfg = Debug|Any CPU
		{C1F68371-EA85-BB70-B74E-B6E9F7DA1E5F}.Debug|Any CPU.Build.0 = Debug|Any CPU
		{C1F68371-EA85-BB70-B74E-B6E9F7DA1E5F}.Release|Any CPU.ActiveCfg = Release|Any CPU
		{C1F68371-EA85-BB70-B74E-B6E9F7DA1E5F}.Release|Any CPU.Build.0 = Release|Any CPU
	EndGlobalSection
	GlobalSection(SolutionProperties) = preSolution
		HideSolutionNode = FALSE
	EndGlobalSection
EndGlobal
